
Microsoft Visual Studio Solution File, Format Version 12.00
# Visual Studio Version 16
VisualStudioVersion = 16.0.30611.23
MinimumVisualStudioVersion = 10.0.40219.1
Project("{FAE04EC0-301F-11D3-BF4B-00C04F79EFBC}") = "Cliente_Estudiante", "Cliente_Estudiante\Cliente_Estudiante.csproj", "{E5C817D5-2022-4A1B-81FA-8D126BEE3567}"
EndProject
Global
	GlobalSection(SolutionConfigurationPlatforms) = preSolution
		Debug|Any CPU = Debug|Any CPU
		Release|Any CPU = Release|Any CPU
	EndGlobalSection
	GlobalSection(ProjectConfigurationPlatforms) = postSolution
		{E5C817D5-2022-4A1B-81FA-8D126BEE3567}.Debug|Any CPU.ActiveCfg = Debug|Any CPU
		{E5C817D5-2022-4A1B-81FA-8D126BEE3567}.Debug|Any CPU.Build.0 = Debug|Any CPU
		{E5C817D5-2022-4A1B-81FA-8D126BEE3567}.Release|Any CPU.ActiveCfg = Release|Any CPU
		{E5C817D5-2022-4A1B-81FA-8D126BEE3567}.Release|Any CPU.Build.0 = Release|Any CPU
	EndGlobalSection
	GlobalSection(SolutionProperties) = preSolution
		HideSolutionNode = FALSE
	EndGlobalSection
	GlobalSection(ExtensibilityGlobals) = postSolution
		SolutionGuid = {583508CD-0AB3-479B-AE75-27DCECE4A4B3}
	EndGlobalSection
EndGlobal
